
Microsoft Visual Studio Solution File, Format Version 12.00
# Visual Studio 2013
VisualStudioVersion = 12.0.31101.0
MinimumVisualStudioVersion = 10.0.40219.1
Project("{FAE04EC0-301F-11D3-BF4B-00C04F79EFBC}") = "Umnyjj_dom.ODataBackend", "ODataBackend/Umnyjj_dom.ODataBackend.csproj", "{808EE38A-6070-4C54-9E37-F820F703368C}"
EndProject
Project("{FAE04EC0-301F-11D3-BF4B-00C04F79EFBC}") = "Umnyjj_dom.Objects", "Objects/Umnyjj_dom.Objects.csproj", "{8984C456-9CE1-4212-8810-078212D63740}"
EndProject
Global
	GlobalSection(SolutionConfigurationPlatforms) = preSolution
Debug|Any CPU = Debug|Any CPU
Release|Any CPU = Release|Any CPU
	EndGlobalSection
	GlobalSection(ProjectConfigurationPlatforms) = postSolution
		{808EE38A-6070-4C54-9E37-F820F703368C}.Debug|Any CPU.ActiveCfg = Debug|Any CPU
		{808EE38A-6070-4C54-9E37-F820F703368C}.Debug|Any CPU.Build.0 = Debug|Any CPU
		{808EE38A-6070-4C54-9E37-F820F703368C}.Release|Any CPU.ActiveCfg = Release|Any CPU
		{808EE38A-6070-4C54-9E37-F820F703368C}.Release|Any CPU.Build.0 = Release|Any CPU
		{8984C456-9CE1-4212-8810-078212D63740}.Debug|Any CPU.ActiveCfg = Debug|Any CPU
		{8984C456-9CE1-4212-8810-078212D63740}.Debug|Any CPU.Build.0 = Debug|Any CPU
		{8984C456-9CE1-4212-8810-078212D63740}.Release|Any CPU.ActiveCfg = Release|Any CPU
		{8984C456-9CE1-4212-8810-078212D63740}.Release|Any CPU.Build.0 = Release|Any CPU
	EndGlobalSection
	GlobalSection(SolutionProperties) = preSolution
		HideSolutionNode = FALSE
	EndGlobalSection
EndGlobal
